dependencies:
- name: etcd
  repository: https://raw.githubusercontent.com/bitnami/charts/archive-full-index/bitnami
  version: 6.3.3
- name: minio
  repository: https://zilliztech.github.io/milvus-helm
  version: 8.0.17
- name: pulsar
  repository: https://pulsar.apache.org/charts
  version: 3.3.0
- name: kafka
  repository: https://raw.githubusercontent.com/bitnami/charts/archive-full-index/bitnami
  version: 15.5.1
digest: sha256:e5d218d4fc3c09b3fea2c712117ca700064db53cd98df55ef7861c128f12a5b9
generated: "2025-02-08T10:28:48.743078+08:00"
